
Microsoft Visual Studio Solution File, Format Version 12.00
# Visual Studio Version 17
VisualStudioVersion = 17.5.001.0
MinimumVisualStudioVersion = 10.0.40219.1
Project("{9A19103F-16F7-4668-BE54-9A1E7A4F7556}") = "Building_a_guessing_game", "Building_a_guessing_game.csproj", "{BF725288-C184-42A9-9FD5-7CAD5EF2212A}"
EndProject
Global
	GlobalSection(SolutionConfigurationPlatforms) = preSolution
		Debug|Any CPU = Debug|Any CPU
		Release|Any CPU = Release|Any CPU
	EndGlobalSection
	GlobalSection(ProjectConfigurationPlatforms) = postSolution
		{BF725288-C184-42A9-9FD5-7CAD5EF2212A}.Debug|Any CPU.ActiveCfg = Debug|Any CPU
		{BF725288-C184-42A9-9FD5-7CAD5EF2212A}.Debug|Any CPU.Build.0 = Debug|Any CPU
		{BF725288-C184-42A9-9FD5-7CAD5EF2212A}.Release|Any CPU.ActiveCfg = Release|Any CPU
		{BF725288-C184-42A9-9FD5-7CAD5EF2212A}.Release|Any CPU.Build.0 = Release|Any CPU
	EndGlobalSection
	GlobalSection(SolutionProperties) = preSolution
		HideSolutionNode = FALSE
	EndGlobalSection
	GlobalSection(ExtensibilityGlobals) = postSolution
		SolutionGuid = {AD7245CC-0E13-4F94-BB68-7789A943D709}
	EndGlobalSection
EndGlobal
